// !$*UTF8*$!
{
	archiveVersion = 1;
	classes = {
	};
	objectVersion = 56;
	objects = {

/* Begin PBXBuildFile section */
		37BDBC302994791C00FF8A2E /* AppDelegate.swift in Sources */ = {isa = PBXBuildFile; fileRef = 37BDBC2F2994791C00FF8A2E /* AppDelegate.swift */; };
		37BDBC342994791C00FF8A2E /* Main.html in Resources */ = {isa = PBXBuildFile; fileRef = 37BDBC322994791C00FF8A2E /* Main.html */; };
		37BDBC362994791C00FF8A2E /* Icon.png in Resources */ = {isa = PBXBuildFile; fileRef = 37BDBC352994791C00FF8A2E /* Icon.png */; };
		37BDBC382994791C00FF8A2E /* Style.css in Resources */ = {isa = PBXBuildFile; fileRef = 37BDBC372994791C00FF8A2E /* Style.css */; };
		37BDBC3A2994791C00FF8A2E /* Script.js in Resources */ = {isa = PBXBuildFile; fileRef = 37BDBC392994791C00FF8A2E /* Script.js */; };
		37BDBC3C2994791C00FF8A2E /* ViewController.swift in Sources */ = {isa = PBXBuildFile; fileRef = 37BDBC3B2994791C00FF8A2E /* ViewController.swift */; };
		37BDBC3F2994791C00FF8A2E /* Main.storyboard in Resources */ = {isa = PBXBuildFile; fileRef = 37BDBC3D2994791C00FF8A2E /* Main.storyboard */; };
		37BDBC412994791C00FF8A2E /* Assets.xcassets in Resources */ = {isa = PBXBuildFile; fileRef = 37BDBC402994791C00FF8A2E /* Assets.xcassets */; };
		37BDBC492994791C00FF8A2E /* Touchstone Extension.appex in Embed Foundation Extensions */ = {isa = PBXBuildFile; fileRef = 37BDBC482994791C00FF8A2E /* Touchstone Extension.appex */; settings = {ATTRIBUTES = (RemoveHeadersOnCopy, ); }; };
		37BDBC4E2994791C00FF8A2E /* SafariWebExtensionHandler.swift in Sources */ = {isa = PBXBuildFile; fileRef = 37BDBC4D2994791C00FF8A2E /* SafariWebExtensionHandler.swift */; };
		37BDBC512994791C00FF8A2E /* _locales in Resources */ = {isa = PBXBuildFile; fileRef = 37BDBC502994791C00FF8A2E /* _locales */; };
		37BDBC532994791C00FF8A2E /* images in Resources */ = {isa = PBXBuildFile; fileRef = 37BDBC522994791C00FF8A2E /* images */; };
		37BDBC552994791C00FF8A2E /* manifest.json in Resources */ = {isa = PBXBuildFile; fileRef = 37BDBC542994791C00FF8A2E /* manifest.json */; };
		37BDBC572994791C00FF8A2E /* background.js in Resources */ = {isa = PBXBuildFile; fileRef = 37BDBC562994791C00FF8A2E /* background.js */; };
		37BDBC592994791C00FF8A2E /* content.js in Resources */ = {isa = PBXBuildFile; fileRef = 37BDBC582994791C00FF8A2E /* content.js */; };
		37BDBC5B2994791C00FF8A2E /* popup.html in Resources */ = {isa = PBXBuildFile; fileRef = 37BDBC5A2994791C00FF8A2E /* popup.html */; };
		37BDBC5D2994791C00FF8A2E /* popup.css in Resources */ = {isa = PBXBuildFile; fileRef = 37BDBC5C2994791C00FF8A2E /* popup.css */; };
		37BDBC5F2994791C00FF8A2E /* popup.js in Resources */ = {isa = PBXBuildFile; fileRef = 37BDBC5E2994791C00FF8A2E /* popup.js */; };
/* End PBXBuildFile section */

/* Begin PBXContainerItemProxy section */
		37BDBC4A2994791C00FF8A2E /* PBXContainerItemProxy */ = {
			isa = PBXContainerItemProxy;
			containerPortal = 37BDBC242994791C00FF8A2E /* Project object */;
			proxyType = 1;
			remoteGlobalIDString = 37BDBC472994791C00FF8A2E;
			remoteInfo = "Touchstone Extension";
		};
/* End PBXContainerItemProxy section */

/* Begin PBXCopyFilesBuildPhase section */
		37BDBC672994791C00FF8A2E /* Embed Foundation Extensions */ = {
			isa = PBXCopyFilesBuildPhase;
			buildActionMask = 2147483647;
			dstPath = "";
			dstSubfolderSpec = 13;
			files = (
				37BDBC492994791C00FF8A2E /* Touchstone Extension.appex in Embed Foundation Extensions */,
			);
			name = "Embed Foundation Extensions";
			runOnlyForDeploymentPostprocessing = 0;
		};
/* End PBXCopyFilesBuildPhase section */

/* Begin PBXFileReference section */
		37BDBC2C2994791C00FF8A2E /* Touchstone.app */ = {isa = PBXFileReference; explicitFileType = wrapper.application; includeInIndex = 0; path = Touchstone.app; sourceTree = BUILT_PRODUCTS_DIR; };
		37BDBC2F2994791C00FF8A2E /* AppDelegate.swift */ = {isa = PBXFileReference; lastKnownFileType = sourcecode.swift; path = AppDelegate.swift; sourceTree = "<group>"; };
		37BDBC332994791C00FF8A2E /* Base */ = {isa = PBXFileReference; lastKnownFileType = text.html; name = Base; path = ../Base.lproj/Main.html; sourceTree = "<group>"; };
		37BDBC352994791C00FF8A2E /* Icon.png */ = {isa = PBXFileReference; lastKnownFileType = image.png; path = Icon.png; sourceTree = "<group>"; };
		37BDBC372994791C00FF8A2E /* Style.css */ = {isa = PBXFileReference; lastKnownFileType = text.css; path = Style.css; sourceTree = "<group>"; };
		37BDBC392994791C00FF8A2E /* Script.js */ = {isa = PBXFileReference; lastKnownFileType = sourcecode.javascript; path = Script.js; sourceTree = "<group>"; };
		37BDBC3B2994791C00FF8A2E /* ViewController.swift */ = {isa = PBXFileReference; lastKnownFileType = sourcecode.swift; path = ViewController.swift; sourceTree = "<group>"; };
		37BDBC3E2994791C00FF8A2E /* Base */ = {isa = PBXFileReference; lastKnownFileType = file.storyboard; name = Base; path = Base.lproj/Main.storyboard; sourceTree = "<group>"; };
		37BDBC402994791C00FF8A2E /* Assets.xcassets */ = {isa = PBXFileReference; lastKnownFileType = folder.assetcatalog; path = Assets.xcassets; sourceTree = "<group>"; };
		37BDBC422994791C00FF8A2E /* Touchstone.entitlements */ = {isa = PBXFileReference; lastKnownFileType = text.plist.entitlements; path = Touchstone.entitlements; sourceTree = "<group>"; };
		37BDBC432994791C00FF8A2E /* Touchstone.entitlements */ = {isa = PBXFileReference; lastKnownFileType = text.plist.entitlements; path = Touchstone.entitlements; sourceTree = "<group>"; };
		37BDBC482994791C00FF8A2E /* Touchstone Extension.appex */ = {isa = PBXFileReference; explicitFileType = "wrapper.app-extension"; includeInIndex = 0; path = "Touchstone Extension.appex"; sourceTree = BUILT_PRODUCTS_DIR; };
		37BDBC4D2994791C00FF8A2E /* SafariWebExtensionHandler.swift */ = {isa = PBXFileReference; lastKnownFileType = sourcecode.swift; path = SafariWebExtensionHandler.swift; sourceTree = "<group>"; };
		37BDBC502994791C00FF8A2E /* _locales */ = {isa = PBXFileReference; lastKnownFileType = folder; path = _locales; sourceTree = "<group>"; };
		37BDBC522994791C00FF8A2E /* images */ = {isa = PBXFileReference; lastKnownFileType = folder; path = images; sourceTree = "<group>"; };
		37BDBC542994791C00FF8A2E /* manifest.json */ = {isa = PBXFileReference; lastKnownFileType = text.json; path = manifest.json; sourceTree = "<group>"; };
		37BDBC562994791C00FF8A2E /* background.js */ = {isa = PBXFileReference; lastKnownFileType = sourcecode.javascript; path = background.js; sourceTree = "<group>"; };
		37BDBC582994791C00FF8A2E /* content.js */ = {isa = PBXFileReference; lastKnownFileType = sourcecode.javascript; path = content.js; sourceTree = "<group>"; };
		37BDBC5A2994791C00FF8A2E /* popup.html */ = {isa = PBXFileReference; lastKnownFileType = text.html; path = popup.html; sourceTree = "<group>"; };
		37BDBC5C2994791C00FF8A2E /* popup.css */ = {isa = PBXFileReference; lastKnownFileType = text.css; path = popup.css; sourceTree = "<group>"; };
		37BDBC5E2994791C00FF8A2E /* popup.js */ = {isa = PBXFileReference; lastKnownFileType = sourcecode.javascript; path = popup.js; sourceTree = "<group>"; };
		37BDBC602994791C00FF8A2E /* Info.plist */ = {isa = PBXFileReference; lastKnownFileType = text.plist.xml; path = Info.plist; sourceTree = "<group>"; };
		37BDBC612994791C00FF8A2E /* Touchstone_Extension.entitlements */ = {isa = PBXFileReference; lastKnownFileType = text.plist.entitlements; path = Touchstone_Extension.entitlements; sourceTree = "<group>"; };
/* End PBXFileReference section */

/* Begin PBXFrameworksBuildPhase section */
		37BDBC292994791C00FF8A2E /* Frameworks */ = {
			isa = PBXFrameworksBuildPhase;
			buildActionMask = 2147483647;
			files = (
			);
			runOnlyForDeploymentPostprocessing = 0;
		};
		37BDBC452994791C00FF8A2E /* Frameworks */ = {
			isa = PBXFrameworksBuildPhase;
			buildActionMask = 2147483647;
			files = (
			);
			runOnlyForDeploymentPostprocessing = 0;
		};
/* End PBXFrameworksBuildPhase section */

/* Begin PBXGroup section */
		37BDBC232994791C00FF8A2E = {
			isa = PBXGroup;
			children = (
				37BDBC2E2994791C00FF8A2E /* Touchstone */,
				37BDBC4C2994791C00FF8A2E /* Touchstone Extension */,
				37BDBC2D2994791C00FF8A2E /* Products */,
			);
			sourceTree = "<group>";
		};
		37BDBC2D2994791C00FF8A2E /* Products */ = {
			isa = PBXGroup;
			children = (
				37BDBC2C2994791C00FF8A2E /* Touchstone.app */,
				37BDBC482994791C00FF8A2E /* Touchstone Extension.appex */,
			);
			name = Products;
			sourceTree = "<group>";
		};
		37BDBC2E2994791C00FF8A2E /* Touchstone */ = {
			isa = PBXGroup;
			children = (
				37BDBC2F2994791C00FF8A2E /* AppDelegate.swift */,
				37BDBC3B2994791C00FF8A2E /* ViewController.swift */,
				37BDBC3D2994791C00FF8A2E /* Main.storyboard */,
				37BDBC402994791C00FF8A2E /* Assets.xcassets */,
				37BDBC422994791C00FF8A2E /* Touchstone.entitlements */,
				37BDBC432994791C00FF8A2E /* Touchstone.entitlements */,
				37BDBC312994791C00FF8A2E /* Resources */,
			);
			path = Touchstone;
			sourceTree = "<group>";
		};
		37BDBC312994791C00FF8A2E /* Resources */ = {
			isa = PBXGroup;
			children = (
				37BDBC322994791C00FF8A2E /* Main.html */,
				37BDBC352994791C00FF8A2E /* Icon.png */,
				37BDBC372994791C00FF8A2E /* Style.css */,
				37BDBC392994791C00FF8A2E /* Script.js */,
			);
			path = Resources;
			sourceTree = "<group>";
		};
		37BDBC4C2994791C00FF8A2E /* Touchstone Extension */ = {
			isa = PBXGroup;
			children = (
				37BDBC4D2994791C00FF8A2E /* SafariWebExtensionHandler.swift */,
				37BDBC602994791C00FF8A2E /* Info.plist */,
				37BDBC612994791C00FF8A2E /* Touchstone_Extension.entitlements */,
				37BDBC4F2994791C00FF8A2E /* Resources */,
			);
			path = "Touchstone Extension";
			sourceTree = "<group>";
		};
		37BDBC4F2994791C00FF8A2E /* Resources */ = {
			isa = PBXGroup;
			children = (
				37BDBC502994791C00FF8A2E /* _locales */,
				37BDBC522994791C00FF8A2E /* images */,
				37BDBC542994791C00FF8A2E /* manifest.json */,
				37BDBC562994791C00FF8A2E /* background.js */,
				37BDBC582994791C00FF8A2E /* content.js */,
				37BDBC5A2994791C00FF8A2E /* popup.html */,
				37BDBC5C2994791C00FF8A2E /* popup.css */,
				37BDBC5E2994791C00FF8A2E /* popup.js */,
			);
			path = Resources;
			sourceTree = "<group>";
		};
/* End PBXGroup section */

/* Begin PBXNativeTarget section */
		37BDBC2B2994791C00FF8A2E /* Touchstone */ = {
			isa = PBXNativeTarget;
			buildConfigurationList = 37BDBC682994791C00FF8A2E /* Build configuration list for PBXNativeTarget "Touchstone" */;
			buildPhases = (
				37BDBC282994791C00FF8A2E /* Sources */,
				37BDBC292994791C00FF8A2E /* Frameworks */,
				37BDBC2A2994791C00FF8A2E /* Resources */,
				37BDBC672994791C00FF8A2E /* Embed Foundation Extensions */,
			);
			buildRules = (
			);
			dependencies = (
				37BDBC4B2994791C00FF8A2E /* PBXTargetDependency */,
			);
			name = Touchstone;
			productName = Touchstone;
			productReference = 37BDBC2C2994791C00FF8A2E /* Touchstone.app */;
			productType = "com.apple.product-type.application";
		};
		37BDBC472994791C00FF8A2E /* Touchstone Extension */ = {
			isa = PBXNativeTarget;
			buildConfigurationList = 37BDBC642994791C00FF8A2E /* Build configuration list for PBXNativeTarget "Touchstone Extension" */;
			buildPhases = (
				37BDBC442994791C00FF8A2E /* Sources */,
				37BDBC452994791C00FF8A2E /* Frameworks */,
				37BDBC462994791C00FF8A2E /* Resources */,
			);
			buildRules = (
			);
			dependencies = (
			);
			name = "Touchstone Extension";
			productName = "Touchstone Extension";
			productReference = 37BDBC482994791C00FF8A2E /* Touchstone Extension.appex */;
			productType = "com.apple.product-type.app-extension";
		};
/* End PBXNativeTarget section */

/* Begin PBXProject section */
		37BDBC242994791C00FF8A2E /* Project object */ = {
			isa = PBXProject;
			attributes = {
				BuildIndependentTargetsInParallel = 1;
				LastSwiftUpdateCheck = 1420;
				LastUpgradeCheck = 1420;
				TargetAttributes = {
					37BDBC2B2994791C00FF8A2E = {
						CreatedOnToolsVersion = 14.2;
					};
					37BDBC472994791C00FF8A2E = {
						CreatedOnToolsVersion = 14.2;
					};
				};
			};
			buildConfigurationList = 37BDBC272994791C00FF8A2E /* Build configuration list for PBXProject "Touchstone" */;
			compatibilityVersion = "Xcode 14.0";
			developmentRegion = en;
			hasScannedForEncodings = 0;
			knownRegions = (
				en,
				Base,
			);
			mainGroup = 37BDBC232994791C00FF8A2E;
			productRefGroup = 37BDBC2D2994791C00FF8A2E /* Products */;
			projectDirPath = "";
			projectRoot = "";
			targets = (
				37BDBC2B2994791C00FF8A2E /* Touchstone */,
				37BDBC472994791C00FF8A2E /* Touchstone Extension */,
			);
		};
/* End PBXProject section */

/* Begin PBXResourcesBuildPhase section */
		37BDBC2A2994791C00FF8A2E /* Resources */ = {
			isa = PBXResourcesBuildPhase;
			buildActionMask = 2147483647;
			files = (
				37BDBC362994791C00FF8A2E /* Icon.png in Resources */,
				37BDBC3F2994791C00FF8A2E /* Main.storyboard in Resources */,
				37BDBC3A2994791C00FF8A2E /* Script.js in Resources */,
				37BDBC342994791C00FF8A2E /* Main.html in Resources */,
				37BDBC412994791C00FF8A2E /* Assets.xcassets in Resources */,
				37BDBC382994791C00FF8A2E /* Style.css in Resources */,
			);
			runOnlyForDeploymentPostprocessing = 0;
		};
		37BDBC462994791C00FF8A2E /* Resources */ = {
			isa = PBXResourcesBuildPhase;
			buildActionMask = 2147483647;
			files = (
				37BDBC572994791C00FF8A2E /* background.js in Resources */,
				37BDBC5D2994791C00FF8A2E /* popup.css in Resources */,
				37BDBC5B2994791C00FF8A2E /* popup.html in Resources */,
				37BDBC532994791C00FF8A2E /* images in Resources */,
				37BDBC552994791C00FF8A2E /* manifest.json in Resources */,
				37BDBC512994791C00FF8A2E /* _locales in Resources */,
				37BDBC592994791C00FF8A2E /* content.js in Resources */,
				37BDBC5F2994791C00FF8A2E /* popup.js in Resources */,
			);
			runOnlyForDeploymentPostprocessing = 0;
		};
/* End PBXResourcesBuildPhase section */

/* Begin PBXSourcesBuildPhase section */
		37BDBC282994791C00FF8A2E /* Sources */ = {
			isa = PBXSourcesBuildPhase;
			buildActionMask = 2147483647;
			files = (
				37BDBC3C2994791C00FF8A2E /* ViewController.swift in Sources */,
				37BDBC302994791C00FF8A2E /* AppDelegate.swift in Sources */,
			);
			runOnlyForDeploymentPostprocessing = 0;
		};
		37BDBC442994791C00FF8A2E /* Sources */ = {
			isa = PBXSourcesBuildPhase;
			buildActionMask = 2147483647;
			files = (
				37BDBC4E2994791C00FF8A2E /* SafariWebExtensionHandler.swift in Sources */,
			);
			runOnlyForDeploymentPostprocessing = 0;
		};
/* End PBXSourcesBuildPhase section */

/* Begin PBXTargetDependency section */
		37BDBC4B2994791C00FF8A2E /* PBXTargetDependency */ = {
			isa = PBXTargetDependency;
			target = 37BDBC472994791C00FF8A2E /* Touchstone Extension */;
			targetProxy = 37BDBC4A2994791C00FF8A2E /* PBXContainerItemProxy */;
		};
/* End PBXTargetDependency section */

/* Begin PBXVariantGroup section */
		37BDBC322994791C00FF8A2E /* Main.html */ = {
			isa = PBXVariantGroup;
			children = (
				37BDBC332994791C00FF8A2E /* Base */,
			);
			name = Main.html;
			sourceTree = "<group>";
		};
		37BDBC3D2994791C00FF8A2E /* Main.storyboard */ = {
			isa = PBXVariantGroup;
			children = (
				37BDBC3E2994791C00FF8A2E /* Base */,
			);
			name = Main.storyboard;
			sourceTree = "<group>";
		};
/* End PBXVariantGroup section */

/* Begin XCBuildConfiguration section */
		37BDBC622994791C00FF8A2E /* Debug */ = {
			isa = XCBuildConfiguration;
			buildSettings = {
				ALWAYS_SEARCH_USER_PATHS = NO;
				CLANG_ANALYZER_NONNULL = YES;
				CLANG_ANALYZER_NUMBER_OBJECT_CONVERSION = YES_AGGRESSIVE;
				CLANG_CXX_LANGUAGE_STANDARD = "gnu++20";
				CLANG_ENABLE_MODULES = YES;
				CLANG_ENABLE_OBJC_ARC = YES;
				CLANG_ENABLE_OBJC_WEAK = YES;
				CLANG_WARN_BLOCK_CAPTURE_AUTORELEASING = YES;
				CLANG_WARN_BOOL_CONVERSION = YES;
				CLANG_WARN_COMMA = YES;
				CLANG_WARN_CONSTANT_CONVERSION = YES;
				CLANG_WARN_DEPRECATED_OBJC_IMPLEMENTATIONS = YES;
				CLANG_WARN_DIRECT_OBJC_ISA_USAGE = YES_ERROR;
				CLANG_WARN_DOCUMENTATION_COMMENTS = YES;
				CLANG_WARN_EMPTY_BODY = YES;
				CLANG_WARN_ENUM_CONVERSION = YES;
				CLANG_WARN_INFINITE_RECURSION = YES;
				CLANG_WARN_INT_CONVERSION = YES;
				CLANG_WARN_NON_LITERAL_NULL_CONVERSION = YES;
				CLANG_WARN_OBJC_IMPLICIT_RETAIN_SELF = YES;
				CLANG_WARN_OBJC_LITERAL_CONVERSION = YES;
				CLANG_WARN_OBJC_ROOT_CLASS = YES_ERROR;
				CLANG_WARN_QUOTED_INCLUDE_IN_FRAMEWORK_HEADER = YES;
				CLANG_WARN_RANGE_LOOP_ANALYSIS = YES;
				CLANG_WARN_STRICT_PROTOTYPES = YES;
				CLANG_WARN_SUSPICIOUS_MOVE = YES;
				CLANG_WARN_UNGUARDED_AVAILABILITY = YES_AGGRESSIVE;
				CLANG_WARN_UNREACHABLE_CODE = YES;
				CLANG_WARN__DUPLICATE_METHOD_MATCH = YES;
				COPY_PHASE_STRIP = NO;
				DEBUG_INFORMATION_FORMAT = dwarf;
				ENABLE_STRICT_OBJC_MSGSEND = YES;
				ENABLE_TESTABILITY = YES;
				GCC_C_LANGUAGE_STANDARD = gnu11;
				GCC_DYNAMIC_NO_PIC = NO;
				GCC_NO_COMMON_BLOCKS = YES;
				GCC_OPTIMIZATION_LEVEL = 0;
				GCC_PREPROCESSOR_DEFINITIONS = (
					"DEBUG=1",
					"$(inherited)",
				);
				GCC_WARN_64_TO_32_BIT_CONVERSION = YES;
				GCC_WARN_ABOUT_RETURN_TYPE = YES_ERROR;
				GCC_WARN_UNDECLARED_SELECTOR = YES;
				GCC_WARN_UNINITIALIZED_AUTOS = YES_AGGRESSIVE;
				GCC_WARN_UNUSED_FUNCTION = YES;
				GCC_WARN_UNUSED_VARIABLE = YES;
				MACOSX_DEPLOYMENT_TARGET = 13.1;
				MTL_ENABLE_DEBUG_INFO = INCLUDE_SOURCE;
				MTL_FAST_MATH = YES;
				ONLY_ACTIVE_ARCH = YES;
				SDKROOT = macosx;
				SWIFT_ACTIVE_COMPILATION_CONDITIONS = DEBUG;
				SWIFT_OPTIMIZATION_LEVEL = "-Onone";
			};
			name = Debug;
		};
		37BDBC632994791C00FF8A2E /* Release */ = {
			isa = XCBuildConfiguration;
			buildSettings = {
				ALWAYS_SEARCH_USER_PATHS = NO;
				CLANG_ANALYZER_NONNULL = YES;
				CLANG_ANALYZER_NUMBER_OBJECT_CONVERSION = YES_AGGRESSIVE;
				CLANG_CXX_LANGUAGE_STANDARD = "gnu++20";
				CLANG_ENABLE_MODULES = YES;
				CLANG_ENABLE_OBJC_ARC = YES;
				CLANG_ENABLE_OBJC_WEAK = YES;
				CLANG_WARN_BLOCK_CAPTURE_AUTORELEASING = YES;
				CLANG_WARN_BOOL_CONVERSION = YES;
				CLANG_WARN_COMMA = YES;
				CLANG_WARN_CONSTANT_CONVERSION = YES;
				CLANG_WARN_DEPRECATED_OBJC_IMPLEMENTATIONS = YES;
				CLANG_WARN_DIRECT_OBJC_ISA_USAGE = YES_ERROR;
				CLANG_WARN_DOCUMENTATION_COMMENTS = YES;
				CLANG_WARN_EMPTY_BODY = YES;
				CLANG_WARN_ENUM_CONVERSION = YES;
				CLANG_WARN_INFINITE_RECURSION = YES;
				CLANG_WARN_INT_CONVERSION = YES;
				CLANG_WARN_NON_LITERAL_NULL_CONVERSION = YES;
				CLANG_WARN_OBJC_IMPLICIT_RETAIN_SELF = YES;
				CLANG_WARN_OBJC_LITERAL_CONVERSION = YES;
				CLANG_WARN_OBJC_ROOT_CLASS = YES_ERROR;
				CLANG_WARN_QUOTED_INCLUDE_IN_FRAMEWORK_HEADER = YES;
				CLANG_WARN_RANGE_LOOP_ANALYSIS = YES;
				CLANG_WARN_STRICT_PROTOTYPES = YES;
				CLANG_WARN_SUSPICIOUS_MOVE = YES;
				CLANG_WARN_UNGUARDED_AVAILABILITY = YES_AGGRESSIVE;
				CLANG_WARN_UNREACHABLE_CODE = YES;
				CLANG_WARN__DUPLICATE_METHOD_MATCH = YES;
				COPY_PHASE_STRIP = NO;
				DEBUG_INFORMATION_FORMAT = "dwarf-with-dsym";
				ENABLE_NS_ASSERTIONS = NO;
				ENABLE_STRICT_OBJC_MSGSEND = YES;
				GCC_C_LANGUAGE_STANDARD = gnu11;
				GCC_NO_COMMON_BLOCKS = YES;
				GCC_WARN_64_TO_32_BIT_CONVERSION = YES;
				GCC_WARN_ABOUT_RETURN_TYPE = YES_ERROR;
				GCC_WARN_UNDECLARED_SELECTOR = YES;
				GCC_WARN_UNINITIALIZED_AUTOS = YES_AGGRESSIVE;
				GCC_WARN_UNUSED_FUNCTION = YES;
				GCC_WARN_UNUSED_VARIABLE = YES;
				MACOSX_DEPLOYMENT_TARGET = 13.1;
				MTL_ENABLE_DEBUG_INFO = NO;
				MTL_FAST_MATH = YES;
				SDKROOT = macosx;
				SWIFT_COMPILATION_MODE = wholemodule;
				SWIFT_OPTIMIZATION_LEVEL = "-O";
			};
			name = Release;
		};
		37BDBC652994791C00FF8A2E /* Debug */ = {
			isa = XCBuildConfiguration;
			buildSettings = {
				CODE_SIGN_ENTITLEMENTS = "Touchstone Extension/Touchstone_Extension.entitlements";
				CODE_SIGN_STYLE = Automatic;
				CURRENT_PROJECT_VERSION = 1;
				DEVELOPMENT_TEAM = F2XKQN9YY8;
				ENABLE_HARDENED_RUNTIME = YES;
				GENERATE_INFOPLIST_FILE = YES;
				INFOPLIST_FILE = "Touchstone Extension/Info.plist";
				INFOPLIST_KEY_CFBundleDisplayName = "Touchstone Extension";
				INFOPLIST_KEY_NSHumanReadableCopyright = "";
				LD_RUNPATH_SEARCH_PATHS = (
					"$(inherited)",
					"@executable_path/../Frameworks",
					"@executable_path/../../../../Frameworks",
				);
				MACOSX_DEPLOYMENT_TARGET = 10.14;
				MARKETING_VERSION = 1.0;
				OTHER_LDFLAGS = (
					"-framework",
					SafariServices,
				);
				PRODUCT_BUNDLE_IDENTIFIER = ch.capslock.Touchstone.Extension;
				PRODUCT_NAME = "$(TARGET_NAME)";
				SKIP_INSTALL = YES;
				SWIFT_EMIT_LOC_STRINGS = YES;
				SWIFT_VERSION = 5.0;
			};
			name = Debug;
		};
		37BDBC662994791C00FF8A2E /* Release */ = {
			isa = XCBuildConfiguration;
			buildSettings = {
				CODE_SIGN_ENTITLEMENTS = "Touchstone Extension/Touchstone_Extension.entitlements";
				CODE_SIGN_STYLE = Automatic;
				CURRENT_PROJECT_VERSION = 1;
				DEVELOPMENT_TEAM = F2XKQN9YY8;
				ENABLE_HARDENED_RUNTIME = YES;
				GENERATE_INFOPLIST_FILE = YES;
				INFOPLIST_FILE = "Touchstone Extension/Info.plist";
				INFOPLIST_KEY_CFBundleDisplayName = "Touchstone Extension";
				INFOPLIST_KEY_NSHumanReadableCopyright = "";
				LD_RUNPATH_SEARCH_PATHS = (
					"$(inherited)",
					"@executable_path/../Frameworks",
					"@executable_path/../../../../Frameworks",
				);
				MACOSX_DEPLOYMENT_TARGET = 10.14;
				MARKETING_VERSION = 1.0;
				OTHER_LDFLAGS = (
					"-framework",
					SafariServices,
				);
				PRODUCT_BUNDLE_IDENTIFIER = ch.capslock.Touchstone.Extension;
				PRODUCT_NAME = "$(TARGET_NAME)";
				SKIP_INSTALL = YES;
				SWIFT_EMIT_LOC_STRINGS = YES;
				SWIFT_VERSION = 5.0;
			};
			name = Release;
		};
		37BDBC692994791C00FF8A2E /* Debug */ = {
			isa = XCBuildConfiguration;
			buildSettings = {
				ALWAYS_EMBED_SWIFT_STANDARD_LIBRARIES = YES;
				ASSETCATALOG_COMPILER_APPICON_NAME = AppIcon;
				ASSETCATALOG_COMPILER_GLOBAL_ACCENT_COLOR_NAME = AccentColor;
				CODE_SIGN_ENTITLEMENTS = Touchstone/Touchstone.entitlements;
				CODE_SIGN_STYLE = Automatic;
				COMBINE_HIDPI_IMAGES = YES;
				CURRENT_PROJECT_VERSION = 1;
				DEVELOPMENT_TEAM = F2XKQN9YY8;
				ENABLE_HARDENED_RUNTIME = YES;
				GENERATE_INFOPLIST_FILE = YES;
				INFOPLIST_KEY_CFBundleDisplayName = Touchstone;
				INFOPLIST_KEY_NSHumanReadableCopyright = "";
				INFOPLIST_KEY_NSMainStoryboardFile = Main;
				INFOPLIST_KEY_NSPrincipalClass = NSApplication;
				LD_RUNPATH_SEARCH_PATHS = (
					"$(inherited)",
					"@executable_path/../Frameworks",
				);
				MACOSX_DEPLOYMENT_TARGET = 10.14;
				MARKETING_VERSION = 1.0;
				OTHER_LDFLAGS = (
					"-framework",
					SafariServices,
					"-framework",
					WebKit,
				);
				PRODUCT_BUNDLE_IDENTIFIER = ch.capslock.Touchstone;
				PRODUCT_NAME = "$(TARGET_NAME)";
				SWIFT_EMIT_LOC_STRINGS = YES;
				SWIFT_VERSION = 5.0;
			};
			name = Debug;
		};
		37BDBC6A2994791C00FF8A2E /* Release */ = {
			isa = XCBuildConfiguration;
			buildSettings = {
				ALWAYS_EMBED_SWIFT_STANDARD_LIBRARIES = YES;
				ASSETCATALOG_COMPILER_APPICON_NAME = AppIcon;
				ASSETCATALOG_COMPILER_GLOBAL_ACCENT_COLOR_NAME = AccentColor;
				CODE_SIGN_ENTITLEMENTS = Touchstone/Touchstone.entitlements;
				CODE_SIGN_STYLE = Automatic;
				COMBINE_HIDPI_IMAGES = YES;
				CURRENT_PROJECT_VERSION = 1;
				DEVELOPMENT_TEAM = F2XKQN9YY8;
				ENABLE_HARDENED_RUNTIME = YES;
				GENERATE_INFOPLIST_FILE = YES;
				INFOPLIST_KEY_CFBundleDisplayName = Touchstone;
				INFOPLIST_KEY_NSHumanReadableCopyright = "";
				INFOPLIST_KEY_NSMainStoryboardFile = Main;
				INFOPLIST_KEY_NSPrincipalClass = NSApplication;
				LD_RUNPATH_SEARCH_PATHS = (
					"$(inherited)",
					"@executable_path/../Frameworks",
				);
				MACOSX_DEPLOYMENT_TARGET = 10.14;
				MARKETING_VERSION = 1.0;
				OTHER_LDFLAGS = (
					"-framework",
					SafariServices,
					"-framework",
					WebKit,
				);
				PRODUCT_BUNDLE_IDENTIFIER = ch.capslock.Touchstone;
				PRODUCT_NAME = "$(TARGET_NAME)";
				SWIFT_EMIT_LOC_STRINGS = YES;
				SWIFT_VERSION = 5.0;
			};
			name = Release;
		};
/* End XCBuildConfiguration section */

/* Begin XCConfigurationList section */
		37BDBC272994791C00FF8A2E /* Build configuration list for PBXProject "Touchstone" */ = {
			isa = XCConfigurationList;
			buildConfigurations = (
				37BDBC622994791C00FF8A2E /* Debug */,
				37BDBC632994791C00FF8A2E /* Release */,
			);
			defaultConfigurationIsVisible = 0;
			defaultConfigurationName = Release;
		};
		37BDBC642994791C00FF8A2E /* Build configuration list for PBXNativeTarget "Touchstone Extension" */ = {
			isa = XCConfigurationList;
			buildConfigurations = (
				37BDBC652994791C00FF8A2E /* Debug */,
				37BDBC662994791C00FF8A2E /* Release */,
			);
			defaultConfigurationIsVisible = 0;
			defaultConfigurationName = Release;
		};
		37BDBC682994791C00FF8A2E /* Build configuration list for PBXNativeTarget "Touchstone" */ = {
			isa = XCConfigurationList;
			buildConfigurations = (
				37BDBC692994791C00FF8A2E /* Debug */,
				37BDBC6A2994791C00FF8A2E /* Release */,
			);
			defaultConfigurationIsVisible = 0;
			defaultConfigurationName = Release;
		};
/* End XCConfigurationList section */
	};
	rootObject = 37BDBC242994791C00FF8A2E /* Project object */;
}
